
Microsoft Visual Studio Solution File, Format Version 12.00
# Visual Studio 15
VisualStudioVersion = 15.0.27130.2010
MinimumVisualStudioVersion = 10.0.40219.1
Project("{FAE04EC0-301F-11D3-BF4B-00C04F79EFBC}") = "mini challenge", "mini challenge\mini challenge.csproj", "{C819003B-30ED-4305-9905-F20DFD1FDB52}"
EndProject
Project("{9A19103F-16F7-4668-BE54-9A1E7A4F7556}") = "personclasslibrary", "personclasslibrary\personclasslibrary.csproj", "{12350A8B-83E1-4870-8675-61F844873F99}"
EndProject
Project("{FAE04EC0-301F-11D3-BF4B-00C04F79EFBC}") = "UnitTestProject1", "UnitTestProject1\UnitTestProject1.csproj", "{B3F8E9D8-1B11-418D-9539-AA72E240A22D}"
EndProject
Global
	GlobalSection(SolutionConfigurationPlatforms) = preSolution
		Debug|Any CPU = Debug|Any CPU
		Release|Any CPU = Release|Any CPU
	EndGlobalSection
	GlobalSection(ProjectConfigurationPlatforms) = postSolution
		{C819003B-30ED-4305-9905-F20DFD1FDB52}.Debug|Any CPU.ActiveCfg = Debug|Any CPU
		{C819003B-30ED-4305-9905-F20DFD1FDB52}.Debug|Any CPU.Build.0 = Debug|Any CPU
		{C819003B-30ED-4305-9905-F20DFD1FDB52}.Release|Any CPU.ActiveCfg = Release|Any CPU
		{C819003B-30ED-4305-9905-F20DFD1FDB52}.Release|Any CPU.Build.0 = Release|Any CPU
		{12350A8B-83E1-4870-8675-61F844873F99}.Debug|Any CPU.ActiveCfg = Debug|Any CPU
		{12350A8B-83E1-4870-8675-61F844873F99}.Debug|Any CPU.Build.0 = Debug|Any CPU
		{12350A8B-83E1-4870-8675-61F844873F99}.Release|Any CPU.ActiveCfg = Release|Any CPU
		{12350A8B-83E1-4870-8675-61F844873F99}.Release|Any CPU.Build.0 = Release|Any CPU
		{B3F8E9D8-1B11-418D-9539-AA72E240A22D}.Debug|Any CPU.ActiveCfg = Debug|Any CPU
		{B3F8E9D8-1B11-418D-9539-AA72E240A22D}.Debug|Any CPU.Build.0 = Debug|Any CPU
		{B3F8E9D8-1B11-418D-9539-AA72E240A22D}.Release|Any CPU.ActiveCfg = Release|Any CPU
		{B3F8E9D8-1B11-418D-9539-AA72E240A22D}.Release|Any CPU.Build.0 = Release|Any CPU
	EndGlobalSection
	GlobalSection(SolutionProperties) = preSolution
		HideSolutionNode = FALSE
	EndGlobalSection
	GlobalSection(ExtensibilityGlobals) = postSolution
		SolutionGuid = {FEA939C4-AB19-4B62-9CFE-6656C00E2774}
	EndGlobalSection
EndGlobal
