
Microsoft Visual Studio Solution File, Format Version 12.00
# Visual Studio 14
VisualStudioVersion = 14.0.25420.1
MinimumVisualStudioVersion = 10.0.40219.1
Project("{FAE04EC0-301F-11D3-BF4B-00C04F79EFBC}") = "week04 Exceptions", "week04 Exceptions\week04 Exceptions.csproj", "{D025F832-F584-4FDE-92AC-D991C8F4DFEC}"
EndProject
Global
	GlobalSection(SolutionConfigurationPlatforms) = preSolution
		Debug|Any CPU = Debug|Any CPU
		Release|Any CPU = Release|Any CPU
	EndGlobalSection
	GlobalSection(ProjectConfigurationPlatforms) = postSolution
		{D025F832-F584-4FDE-92AC-D991C8F4DFEC}.Debug|Any CPU.ActiveCfg = Debug|Any CPU
		{D025F832-F584-4FDE-92AC-D991C8F4DFEC}.Debug|Any CPU.Build.0 = Debug|Any CPU
		{D025F832-F584-4FDE-92AC-D991C8F4DFEC}.Release|Any CPU.ActiveCfg = Release|Any CPU
		{D025F832-F584-4FDE-92AC-D991C8F4DFEC}.Release|Any CPU.Build.0 = Release|Any CPU
	EndGlobalSection
	GlobalSection(SolutionProperties) = preSolution
		HideSolutionNode = FALSE
	EndGlobalSection
EndGlobal
