
Microsoft Visual Studio Solution File, Format Version 12.00
# Visual Studio 15
VisualStudioVersion = 15.0.27130.2010
MinimumVisualStudioVersion = 10.0.40219.1
Project("{FAE04EC0-301F-11D3-BF4B-00C04F79EFBC}") = "WebApplication1", "WebApplication1\WebApplication1.csproj", "{9F90E66A-D82D-4A25-B28A-6A00A6ECF054}"
EndProject
Project("{00D1A9C2-B5F0-4AF3-8072-F6C62B433612}") = "TGVE.Database", "..\..\DatabaseProject\TGVE.Database\TGVE.Database.sqlproj", "{A6B93B5A-2BEB-4866-8DC5-0733C9BA3C8C}"
EndProject
Project("{FAE04EC0-301F-11D3-BF4B-00C04F79EFBC}") = "ConsoleApp1", "ConsoleApp1\ConsoleApp1.csproj", "{98435D14-9193-4F52-8E2E-B9B27571661D}"
EndProject
Global
	GlobalSection(SolutionConfigurationPlatforms) = preSolution
		Debug|Any CPU = Debug|Any CPU
		Release|Any CPU = Release|Any CPU
	EndGlobalSection
	GlobalSection(ProjectConfigurationPlatforms) = postSolution
		{9F90E66A-D82D-4A25-B28A-6A00A6ECF054}.Debug|Any CPU.ActiveCfg = Debug|Any CPU
		{9F90E66A-D82D-4A25-B28A-6A00A6ECF054}.Debug|Any CPU.Build.0 = Debug|Any CPU
		{9F90E66A-D82D-4A25-B28A-6A00A6ECF054}.Release|Any CPU.ActiveCfg = Release|Any CPU
		{9F90E66A-D82D-4A25-B28A-6A00A6ECF054}.Release|Any CPU.Build.0 = Release|Any CPU
		{A6B93B5A-2BEB-4866-8DC5-0733C9BA3C8C}.Debug|Any CPU.ActiveCfg = Debug|Any CPU
		{A6B93B5A-2BEB-4866-8DC5-0733C9BA3C8C}.Debug|Any CPU.Build.0 = Debug|Any CPU
		{A6B93B5A-2BEB-4866-8DC5-0733C9BA3C8C}.Debug|Any CPU.Deploy.0 = Debug|Any CPU
		{A6B93B5A-2BEB-4866-8DC5-0733C9BA3C8C}.Release|Any CPU.ActiveCfg = Release|Any CPU
		{A6B93B5A-2BEB-4866-8DC5-0733C9BA3C8C}.Release|Any CPU.Build.0 = Release|Any CPU
		{A6B93B5A-2BEB-4866-8DC5-0733C9BA3C8C}.Release|Any CPU.Deploy.0 = Release|Any CPU
		{98435D14-9193-4F52-8E2E-B9B27571661D}.Debug|Any CPU.ActiveCfg = Debug|Any CPU
		{98435D14-9193-4F52-8E2E-B9B27571661D}.Debug|Any CPU.Build.0 = Debug|Any CPU
		{98435D14-9193-4F52-8E2E-B9B27571661D}.Release|Any CPU.ActiveCfg = Release|Any CPU
		{98435D14-9193-4F52-8E2E-B9B27571661D}.Release|Any CPU.Build.0 = Release|Any CPU
	EndGlobalSection
	GlobalSection(SolutionProperties) = preSolution
		HideSolutionNode = FALSE
	EndGlobalSection
	GlobalSection(ExtensibilityGlobals) = postSolution
		SolutionGuid = {CEAA4385-F9D1-4B05-B90C-40D90A25D0B9}
	EndGlobalSection
EndGlobal
