
Microsoft Visual Studio Solution File, Format Version 12.00
# Visual Studio 15
VisualStudioVersion = 15.0.27703.2035
MinimumVisualStudioVersion = 10.0.40219.1
Project("{FAE04EC0-301F-11D3-BF4B-00C04F79EFBC}") = "Shapes", "Shapes\Shapes.csproj", "{1FBE2C6A-974D-4CE2-BE3F-DF5CFA00C1B4}"
EndProject
Project("{FAE04EC0-301F-11D3-BF4B-00C04F79EFBC}") = "Shapes.Test", "Shapes.Test\Shapes.Test.csproj", "{D330EEE2-9BEE-4CE7-815A-68AC690A8E3F}"
EndProject
Global
	GlobalSection(SolutionConfigurationPlatforms) = preSolution
		Debug|Any CPU = Debug|Any CPU
		Release|Any CPU = Release|Any CPU
	EndGlobalSection
	GlobalSection(ProjectConfigurationPlatforms) = postSolution
		{1FBE2C6A-974D-4CE2-BE3F-DF5CFA00C1B4}.Debug|Any CPU.ActiveCfg = Debug|Any CPU
		{1FBE2C6A-974D-4CE2-BE3F-DF5CFA00C1B4}.Debug|Any CPU.Build.0 = Debug|Any CPU
		{1FBE2C6A-974D-4CE2-BE3F-DF5CFA00C1B4}.Release|Any CPU.ActiveCfg = Release|Any CPU
		{1FBE2C6A-974D-4CE2-BE3F-DF5CFA00C1B4}.Release|Any CPU.Build.0 = Release|Any CPU
		{D330EEE2-9BEE-4CE7-815A-68AC690A8E3F}.Debug|Any CPU.ActiveCfg = Debug|Any CPU
		{D330EEE2-9BEE-4CE7-815A-68AC690A8E3F}.Debug|Any CPU.Build.0 = Debug|Any CPU
		{D330EEE2-9BEE-4CE7-815A-68AC690A8E3F}.Release|Any CPU.ActiveCfg = Release|Any CPU
		{D330EEE2-9BEE-4CE7-815A-68AC690A8E3F}.Release|Any CPU.Build.0 = Release|Any CPU
	EndGlobalSection
	GlobalSection(SolutionProperties) = preSolution
		HideSolutionNode = FALSE
	EndGlobalSection
	GlobalSection(ExtensibilityGlobals) = postSolution
		SolutionGuid = {7AAAD1A9-EBF4-409C-ABC5-FF085B0205E8}
	EndGlobalSection
EndGlobal
